
Microsoft Visual Studio Solution File, Format Version 12.00
# Visual Studio Version 16
VisualStudioVersion = 16.0.31702.278
MinimumVisualStudioVersion = 10.0.40219.1
Project("{9A19103F-16F7-4668-BE54-9A1E7A4F7556}") = "WebApi", "WebApi\WebApi.csproj", "{8D88D86C-6386-4D5A-9DDF-4A48E0B16D6E}"
EndProject
Project("{2150E333-8FDC-42A3-9474-1A3956D46DE8}") = "Files", "Files", "{CD73677A-7257-4ECD-BBE3-C8C2B9A302C5}"
	ProjectSection(SolutionItems) = preProject
		.editorconfig = .editorconfig
		..\Feedback.md = ..\Feedback.md
		..\README.md = ..\README.md
		..\.gitignore = ..\.gitignore
	EndProjectSection
EndProject
Project("{9A19103F-16F7-4668-BE54-9A1E7A4F7556}") = "WebApi.Tests", "Tests\WebApi.Tests\WebApi.Tests.csproj", "{8B0CE0F3-9370-43DC-A0CE-7978DB947A30}"
EndProject
Project("{2150E333-8FDC-42A3-9474-1A3956D46DE8}") = "Core", "Core", "{E4291822-678B-4EC7-BB8F-671E4C2B473B}"
EndProject
Project("{2150E333-8FDC-42A3-9474-1A3956D46DE8}") = "Presentation", "Presentation", "{69D9A50C-9B86-4E82-9E77-F5ADBAFC49F3}"
EndProject
Project("{2150E333-8FDC-42A3-9474-1A3956D46DE8}") = "Infrastructure", "Infrastructure", "{4520E6CE-09A1-4963-AD93-B5B353739C44}"
EndProject
Project("{FAE04EC0-301F-11D3-BF4B-00C04F79EFBC}") = "Infrastructure", "Infrastructure\Infrastructure\Infrastructure.csproj", "{785EE448-F9F0-487B-9CE4-F72277C26633}"
EndProject
Project("{FAE04EC0-301F-11D3-BF4B-00C04F79EFBC}") = "Domain", "Domain\Domain.csproj", "{9A4AC77A-9F0D-4983-91B4-72C95B0E982B}"
EndProject
Project("{FAE04EC0-301F-11D3-BF4B-00C04F79EFBC}") = "Application", "Application\Application.csproj", "{CAE9D22D-2B79-4C09-A73E-BD083887BAAB}"
EndProject
Global
	GlobalSection(SolutionConfigurationPlatforms) = preSolution
		Debug|Any CPU = Debug|Any CPU
		Release|Any CPU = Release|Any CPU
	EndGlobalSection
	GlobalSection(ProjectConfigurationPlatforms) = postSolution
		{8D88D86C-6386-4D5A-9DDF-4A48E0B16D6E}.Debug|Any CPU.ActiveCfg = Debug|Any CPU
		{8D88D86C-6386-4D5A-9DDF-4A48E0B16D6E}.Debug|Any CPU.Build.0 = Debug|Any CPU
		{8D88D86C-6386-4D5A-9DDF-4A48E0B16D6E}.Release|Any CPU.ActiveCfg = Release|Any CPU
		{8D88D86C-6386-4D5A-9DDF-4A48E0B16D6E}.Release|Any CPU.Build.0 = Release|Any CPU
		{8B0CE0F3-9370-43DC-A0CE-7978DB947A30}.Debug|Any CPU.ActiveCfg = Debug|Any CPU
		{8B0CE0F3-9370-43DC-A0CE-7978DB947A30}.Debug|Any CPU.Build.0 = Debug|Any CPU
		{8B0CE0F3-9370-43DC-A0CE-7978DB947A30}.Release|Any CPU.ActiveCfg = Release|Any CPU
		{8B0CE0F3-9370-43DC-A0CE-7978DB947A30}.Release|Any CPU.Build.0 = Release|Any CPU
		{785EE448-F9F0-487B-9CE4-F72277C26633}.Debug|Any CPU.ActiveCfg = Debug|Any CPU
		{785EE448-F9F0-487B-9CE4-F72277C26633}.Debug|Any CPU.Build.0 = Debug|Any CPU
		{785EE448-F9F0-487B-9CE4-F72277C26633}.Release|Any CPU.ActiveCfg = Release|Any CPU
		{785EE448-F9F0-487B-9CE4-F72277C26633}.Release|Any CPU.Build.0 = Release|Any CPU
		{9A4AC77A-9F0D-4983-91B4-72C95B0E982B}.Debug|Any CPU.ActiveCfg = Debug|Any CPU
		{9A4AC77A-9F0D-4983-91B4-72C95B0E982B}.Debug|Any CPU.Build.0 = Debug|Any CPU
		{9A4AC77A-9F0D-4983-91B4-72C95B0E982B}.Release|Any CPU.ActiveCfg = Release|Any CPU
		{9A4AC77A-9F0D-4983-91B4-72C95B0E982B}.Release|Any CPU.Build.0 = Release|Any CPU
		{CAE9D22D-2B79-4C09-A73E-BD083887BAAB}.Debug|Any CPU.ActiveCfg = Debug|Any CPU
		{CAE9D22D-2B79-4C09-A73E-BD083887BAAB}.Debug|Any CPU.Build.0 = Debug|Any CPU
		{CAE9D22D-2B79-4C09-A73E-BD083887BAAB}.Release|Any CPU.ActiveCfg = Release|Any CPU
		{CAE9D22D-2B79-4C09-A73E-BD083887BAAB}.Release|Any CPU.Build.0 = Release|Any CPU
	EndGlobalSection
	GlobalSection(SolutionProperties) = preSolution
		HideSolutionNode = FALSE
	EndGlobalSection
	GlobalSection(ExtensibilityGlobals) = postSolution
		SolutionGuid = {795CE749-2AA0-4194-8921-CCC0F0127188}
	EndGlobalSection
	GlobalSection(NestedProjects) = preSolution
		{8D88D86C-6386-4D5A-9DDF-4A48E0B16D6E} = {69D9A50C-9B86-4E82-9E77-F5ADBAFC49F3}
		{8B0CE0F3-9370-43DC-A0CE-7978DB947A30} = {69D9A50C-9B86-4E82-9E77-F5ADBAFC49F3}
		{785EE448-F9F0-487B-9CE4-F72277C26633} = {4520E6CE-09A1-4963-AD93-B5B353739C44}
		{9A4AC77A-9F0D-4983-91B4-72C95B0E982B} = {E4291822-678B-4EC7-BB8F-671E4C2B473B}
		{CAE9D22D-2B79-4C09-A73E-BD083887BAAB} = {E4291822-678B-4EC7-BB8F-671E4C2B473B}
	EndGlobalSection
EndGlobal
